// !$*UTF8*$!
{
	archiveVersion = 1;
	classes = {
	};
	objectVersion = 55;
	objects = {

/* Begin PBXBuildFile section */
		DD68DBBA29462EDF004E3FEB /* AppDelegate.swift in Sources */ = {isa = PBXBuildFile; fileRef = DD68DBB929462EDF004E3FEB /* AppDelegate.swift */; };
		DD68DBBC29462EDF004E3FEB /* SceneDelegate.swift in Sources */ = {isa = PBXBuildFile; fileRef = DD68DBBB29462EDF004E3FEB /* SceneDelegate.swift */; };
		DD68DBBE29462EDF004E3FEB /* MainViewController.swift in Sources */ = {isa = PBXBuildFile; fileRef = DD68DBBD29462EDF004E3FEB /* MainViewController.swift */; };
		DD68DBC329462EF1004E3FEB /* Assets.xcassets in Resources */ = {isa = PBXBuildFile; fileRef = DD68DBC229462EF1004E3FEB /* Assets.xcassets */; };
		DD68DBC629462EF1004E3FEB /* LaunchScreen.storyboard in Resources */ = {isa = PBXBuildFile; fileRef = DD68DBC429462EF1004E3FEB /* LaunchScreen.storyboard */; };
		DD68DBCE29463A83004E3FEB /* .gitignore in Resources */ = {isa = PBXBuildFile; fileRef = DD68DBCD29463A83004E3FEB /* .gitignore */; };
		DD68DBD629472306004E3FEB /* HeaderView.swift in Sources */ = {isa = PBXBuildFile; fileRef = DD68DBD529472306004E3FEB /* HeaderView.swift */; };
		DD68DBD9294723AA004E3FEB /* UILabel + Extension.swift in Sources */ = {isa = PBXBuildFile; fileRef = DD68DBD8294723AA004E3FEB /* UILabel + Extension.swift */; };
		DD68DBDC2947248B004E3FEB /* UIView + Extension.swift in Sources */ = {isa = PBXBuildFile; fileRef = DD68DBDB2947248B004E3FEB /* UIView + Extension.swift */; };
		DD68DBDE2947292C004E3FEB /* UIColor + Extension.swift in Sources */ = {isa = PBXBuildFile; fileRef = DD68DBDD2947292C004E3FEB /* UIColor + Extension.swift */; };
/* End PBXBuildFile section */

/* Begin PBXFileReference section */
		DD68DBB629462EDF004E3FEB /* fitApp.app */ = {isa = PBXFileReference; explicitFileType = wrapper.application; includeInIndex = 0; path = fitApp.app; sourceTree = BUILT_PRODUCTS_DIR; };
		DD68DBB929462EDF004E3FEB /* AppDelegate.swift */ = {isa = PBXFileReference; lastKnownFileType = sourcecode.swift; path = AppDelegate.swift; sourceTree = "<group>"; };
		DD68DBBB29462EDF004E3FEB /* SceneDelegate.swift */ = {isa = PBXFileReference; lastKnownFileType = sourcecode.swift; path = SceneDelegate.swift; sourceTree = "<group>"; };
		DD68DBBD29462EDF004E3FEB /* MainViewController.swift */ = {isa = PBXFileReference; lastKnownFileType = sourcecode.swift; path = MainViewController.swift; sourceTree = "<group>"; };
		DD68DBC229462EF1004E3FEB /* Assets.xcassets */ = {isa = PBXFileReference; lastKnownFileType = folder.assetcatalog; path = Assets.xcassets; sourceTree = "<group>"; };
		DD68DBC529462EF1004E3FEB /* Base */ = {isa = PBXFileReference; lastKnownFileType = file.storyboard; name = Base; path = Base.lproj/LaunchScreen.storyboard; sourceTree = "<group>"; };
		DD68DBC729462EF1004E3FEB /* Info.plist */ = {isa = PBXFileReference; lastKnownFileType = text.plist.xml; path = Info.plist; sourceTree = "<group>"; };
		DD68DBCD29463A83004E3FEB /* .gitignore */ = {isa = PBXFileReference; lastKnownFileType = text; path = .gitignore; sourceTree = "<group>"; };
		DD68DBD529472306004E3FEB /* HeaderView.swift */ = {isa = PBXFileReference; lastKnownFileType = sourcecode.swift; path = HeaderView.swift; sourceTree = "<group>"; };
		DD68DBD8294723AA004E3FEB /* UILabel + Extension.swift */ = {isa = PBXFileReference; lastKnownFileType = sourcecode.swift; path = "UILabel + Extension.swift"; sourceTree = "<group>"; };
		DD68DBDB2947248B004E3FEB /* UIView + Extension.swift */ = {isa = PBXFileReference; lastKnownFileType = sourcecode.swift; path = "UIView + Extension.swift"; sourceTree = "<group>"; };
		DD68DBDD2947292C004E3FEB /* UIColor + Extension.swift */ = {isa = PBXFileReference; lastKnownFileType = sourcecode.swift; path = "UIColor + Extension.swift"; sourceTree = "<group>"; };
/* End PBXFileReference section */

/* Begin PBXFrameworksBuildPhase section */
		DD68DBB329462EDF004E3FEB /* Frameworks */ = {
			isa = PBXFrameworksBuildPhase;
			buildActionMask = 2147483647;
			files = (
			);
			runOnlyForDeploymentPostprocessing = 0;
		};
/* End PBXFrameworksBuildPhase section */

/* Begin PBXGroup section */
		DD68DBAD29462EDF004E3FEB = {
			isa = PBXGroup;
			children = (
				DD68DBCD29463A83004E3FEB /* .gitignore */,
				DD68DBB829462EDF004E3FEB /* fitApp */,
				DD68DBB729462EDF004E3FEB /* Products */,
			);
			sourceTree = "<group>";
		};
		DD68DBB729462EDF004E3FEB /* Products */ = {
			isa = PBXGroup;
			children = (
				DD68DBB629462EDF004E3FEB /* fitApp.app */,
			);
			name = Products;
			sourceTree = "<group>";
		};
		DD68DBB829462EDF004E3FEB /* fitApp */ = {
			isa = PBXGroup;
			children = (
				DD68DBCF294714C7004E3FEB /* Application */,
				DD68DBD229471CEC004E3FEB /* MainModule */,
				DD68DBD729472394004E3FEB /* Extension */,
				DD68DBD0294714D8004E3FEB /* Other */,
			);
			path = fitApp;
			sourceTree = "<group>";
		};
		DD68DBCF294714C7004E3FEB /* Application */ = {
			isa = PBXGroup;
			children = (
				DD68DBB929462EDF004E3FEB /* AppDelegate.swift */,
				DD68DBBB29462EDF004E3FEB /* SceneDelegate.swift */,
			);
			path = Application;
			sourceTree = "<group>";
		};
		DD68DBD0294714D8004E3FEB /* Other */ = {
			isa = PBXGroup;
			children = (
				DD68DBC229462EF1004E3FEB /* Assets.xcassets */,
				DD68DBC429462EF1004E3FEB /* LaunchScreen.storyboard */,
				DD68DBC729462EF1004E3FEB /* Info.plist */,
			);
			path = Other;
			sourceTree = "<group>";
		};
		DD68DBD229471CEC004E3FEB /* MainModule */ = {
			isa = PBXGroup;
			children = (
				DD68DBD32947229D004E3FEB /* View */,
				DD68DBD4294722A7004E3FEB /* Controller */,
			);
			path = MainModule;
			sourceTree = "<group>";
		};
		DD68DBD32947229D004E3FEB /* View */ = {
			isa = PBXGroup;
			children = (
				DD68DBD529472306004E3FEB /* HeaderView.swift */,
			);
			path = View;
			sourceTree = "<group>";
		};
		DD68DBD4294722A7004E3FEB /* Controller */ = {
			isa = PBXGroup;
			children = (
				DD68DBBD29462EDF004E3FEB /* MainViewController.swift */,
			);
			path = Controller;
			sourceTree = "<group>";
		};
		DD68DBD729472394004E3FEB /* Extension */ = {
			isa = PBXGroup;
			children = (
				DD68DBDA294723B4004E3FEB /* UIKit */,
			);
			path = Extension;
			sourceTree = "<group>";
		};
		DD68DBDA294723B4004E3FEB /* UIKit */ = {
			isa = PBXGroup;
			children = (
				DD68DBD8294723AA004E3FEB /* UILabel + Extension.swift */,
				DD68DBDB2947248B004E3FEB /* UIView + Extension.swift */,
				DD68DBDD2947292C004E3FEB /* UIColor + Extension.swift */,
			);
			path = UIKit;
			sourceTree = "<group>";
		};
/* End PBXGroup section */

/* Begin PBXNativeTarget section */
		DD68DBB529462EDF004E3FEB /* fitApp */ = {
			isa = PBXNativeTarget;
			buildConfigurationList = DD68DBCA29462EF1004E3FEB /* Build configuration list for PBXNativeTarget "fitApp" */;
			buildPhases = (
				DD68DBB229462EDF004E3FEB /* Sources */,
				DD68DBB329462EDF004E3FEB /* Frameworks */,
				DD68DBB429462EDF004E3FEB /* Resources */,
			);
			buildRules = (
			);
			dependencies = (
			);
			name = fitApp;
			productName = fitApp;
			productReference = DD68DBB629462EDF004E3FEB /* fitApp.app */;
			productType = "com.apple.product-type.application";
		};
/* End PBXNativeTarget section */

/* Begin PBXProject section */
		DD68DBAE29462EDF004E3FEB /* Project object */ = {
			isa = PBXProject;
			attributes = {
				BuildIndependentTargetsInParallel = 1;
				LastSwiftUpdateCheck = 1340;
				LastUpgradeCheck = 1340;
				TargetAttributes = {
					DD68DBB529462EDF004E3FEB = {
						CreatedOnToolsVersion = 13.4.1;
					};
				};
			};
			buildConfigurationList = DD68DBB129462EDF004E3FEB /* Build configuration list for PBXProject "fitApp" */;
			compatibilityVersion = "Xcode 13.0";
			developmentRegion = en;
			hasScannedForEncodings = 0;
			knownRegions = (
				en,
				Base,
			);
			mainGroup = DD68DBAD29462EDF004E3FEB;
			productRefGroup = DD68DBB729462EDF004E3FEB /* Products */;
			projectDirPath = "";
			projectRoot = "";
			targets = (
				DD68DBB529462EDF004E3FEB /* fitApp */,
			);
		};
/* End PBXProject section */

/* Begin PBXResourcesBuildPhase section */
		DD68DBB429462EDF004E3FEB /* Resources */ = {
			isa = PBXResourcesBuildPhase;
			buildActionMask = 2147483647;
			files = (
				DD68DBCE29463A83004E3FEB /* .gitignore in Resources */,
				DD68DBC629462EF1004E3FEB /* LaunchScreen.storyboard in Resources */,
				DD68DBC329462EF1004E3FEB /* Assets.xcassets in Resources */,
			);
			runOnlyForDeploymentPostprocessing = 0;
		};
/* End PBXResourcesBuildPhase section */

/* Begin PBXSourcesBuildPhase section */
		DD68DBB229462EDF004E3FEB /* Sources */ = {
			isa = PBXSourcesBuildPhase;
			buildActionMask = 2147483647;
			files = (
				DD68DBDE2947292C004E3FEB /* UIColor + Extension.swift in Sources */,
				DD68DBBE29462EDF004E3FEB /* MainViewController.swift in Sources */,
				DD68DBD9294723AA004E3FEB /* UILabel + Extension.swift in Sources */,
				DD68DBDC2947248B004E3FEB /* UIView + Extension.swift in Sources */,
				DD68DBBA29462EDF004E3FEB /* AppDelegate.swift in Sources */,
				DD68DBBC29462EDF004E3FEB /* SceneDelegate.swift in Sources */,
				DD68DBD629472306004E3FEB /* HeaderView.swift in Sources */,
			);
			runOnlyForDeploymentPostprocessing = 0;
		};
/* End PBXSourcesBuildPhase section */

/* Begin PBXVariantGroup section */
		DD68DBC429462EF1004E3FEB /* LaunchScreen.storyboard */ = {
			isa = PBXVariantGroup;
			children = (
				DD68DBC529462EF1004E3FEB /* Base */,
			);
			name = LaunchScreen.storyboard;
			sourceTree = "<group>";
		};
/* End PBXVariantGroup section */

/* Begin XCBuildConfiguration section */
		DD68DBC829462EF1004E3FEB /* Debug */ = {
			isa = XCBuildConfiguration;
			buildSettings = {
				ALWAYS_SEARCH_USER_PATHS = NO;
				CLANG_ANALYZER_NONNULL = YES;
				CLANG_ANALYZER_NUMBER_OBJECT_CONVERSION = YES_AGGRESSIVE;
				CLANG_CXX_LANGUAGE_STANDARD = "gnu++17";
				CLANG_ENABLE_MODULES = YES;
				CLANG_ENABLE_OBJC_ARC = YES;
				CLANG_ENABLE_OBJC_WEAK = YES;
				CLANG_WARN_BLOCK_CAPTURE_AUTORELEASING = YES;
				CLANG_WARN_BOOL_CONVERSION = YES;
				CLANG_WARN_COMMA = YES;
				CLANG_WARN_CONSTANT_CONVERSION = YES;
				CLANG_WARN_DEPRECATED_OBJC_IMPLEMENTATIONS = YES;
				CLANG_WARN_DIRECT_OBJC_ISA_USAGE = YES_ERROR;
				CLANG_WARN_DOCUMENTATION_COMMENTS = YES;
				CLANG_WARN_EMPTY_BODY = YES;
				CLANG_WARN_ENUM_CONVERSION = YES;
				CLANG_WARN_INFINITE_RECURSION = YES;
				CLANG_WARN_INT_CONVERSION = YES;
				CLANG_WARN_NON_LITERAL_NULL_CONVERSION = YES;
				CLANG_WARN_OBJC_IMPLICIT_RETAIN_SELF = YES;
				CLANG_WARN_OBJC_LITERAL_CONVERSION = YES;
				CLANG_WARN_OBJC_ROOT_CLASS = YES_ERROR;
				CLANG_WARN_QUOTED_INCLUDE_IN_FRAMEWORK_HEADER = YES;
				CLANG_WARN_RANGE_LOOP_ANALYSIS = YES;
				CLANG_WARN_STRICT_PROTOTYPES = YES;
				CLANG_WARN_SUSPICIOUS_MOVE = YES;
				CLANG_WARN_UNGUARDED_AVAILABILITY = YES_AGGRESSIVE;
				CLANG_WARN_UNREACHABLE_CODE = YES;
				CLANG_WARN__DUPLICATE_METHOD_MATCH = YES;
				COPY_PHASE_STRIP = NO;
				DEBUG_INFORMATION_FORMAT = dwarf;
				ENABLE_STRICT_OBJC_MSGSEND = YES;
				ENABLE_TESTABILITY = YES;
				GCC_C_LANGUAGE_STANDARD = gnu11;
				GCC_DYNAMIC_NO_PIC = NO;
				GCC_NO_COMMON_BLOCKS = YES;
				GCC_OPTIMIZATION_LEVEL = 0;
				GCC_PREPROCESSOR_DEFINITIONS = (
					"DEBUG=1",
					"$(inherited)",
				);
				GCC_WARN_64_TO_32_BIT_CONVERSION = YES;
				GCC_WARN_ABOUT_RETURN_TYPE = YES_ERROR;
				GCC_WARN_UNDECLARED_SELECTOR = YES;
				GCC_WARN_UNINITIALIZED_AUTOS = YES_AGGRESSIVE;
				GCC_WARN_UNUSED_FUNCTION = YES;
				GCC_WARN_UNUSED_VARIABLE = YES;
				IPHONEOS_DEPLOYMENT_TARGET = 15.5;
				MTL_ENABLE_DEBUG_INFO = INCLUDE_SOURCE;
				MTL_FAST_MATH = YES;
				ONLY_ACTIVE_ARCH = YES;
				SDKROOT = iphoneos;
				SWIFT_ACTIVE_COMPILATION_CONDITIONS = DEBUG;
				SWIFT_OPTIMIZATION_LEVEL = "-Onone";
			};
			name = Debug;
		};
		DD68DBC929462EF1004E3FEB /* Release */ = {
			isa = XCBuildConfiguration;
			buildSettings = {
				ALWAYS_SEARCH_USER_PATHS = NO;
				CLANG_ANALYZER_NONNULL = YES;
				CLANG_ANALYZER_NUMBER_OBJECT_CONVERSION = YES_AGGRESSIVE;
				CLANG_CXX_LANGUAGE_STANDARD = "gnu++17";
				CLANG_ENABLE_MODULES = YES;
				CLANG_ENABLE_OBJC_ARC = YES;
				CLANG_ENABLE_OBJC_WEAK = YES;
				CLANG_WARN_BLOCK_CAPTURE_AUTORELEASING = YES;
				CLANG_WARN_BOOL_CONVERSION = YES;
				CLANG_WARN_COMMA = YES;
				CLANG_WARN_CONSTANT_CONVERSION = YES;
				CLANG_WARN_DEPRECATED_OBJC_IMPLEMENTATIONS = YES;
				CLANG_WARN_DIRECT_OBJC_ISA_USAGE = YES_ERROR;
				CLANG_WARN_DOCUMENTATION_COMMENTS = YES;
				CLANG_WARN_EMPTY_BODY = YES;
				CLANG_WARN_ENUM_CONVERSION = YES;
				CLANG_WARN_INFINITE_RECURSION = YES;
				CLANG_WARN_INT_CONVERSION = YES;
				CLANG_WARN_NON_LITERAL_NULL_CONVERSION = YES;
				CLANG_WARN_OBJC_IMPLICIT_RETAIN_SELF = YES;
				CLANG_WARN_OBJC_LITERAL_CONVERSION = YES;
				CLANG_WARN_OBJC_ROOT_CLASS = YES_ERROR;
				CLANG_WARN_QUOTED_INCLUDE_IN_FRAMEWORK_HEADER = YES;
				CLANG_WARN_RANGE_LOOP_ANALYSIS = YES;
				CLANG_WARN_STRICT_PROTOTYPES = YES;
				CLANG_WARN_SUSPICIOUS_MOVE = YES;
				CLANG_WARN_UNGUARDED_AVAILABILITY = YES_AGGRESSIVE;
				CLANG_WARN_UNREACHABLE_CODE = YES;
				CLANG_WARN__DUPLICATE_METHOD_MATCH = YES;
				COPY_PHASE_STRIP = NO;
				DEBUG_INFORMATION_FORMAT = "dwarf-with-dsym";
				ENABLE_NS_ASSERTIONS = NO;
				ENABLE_STRICT_OBJC_MSGSEND = YES;
				GCC_C_LANGUAGE_STANDARD = gnu11;
				GCC_NO_COMMON_BLOCKS = YES;
				GCC_WARN_64_TO_32_BIT_CONVERSION = YES;
				GCC_WARN_ABOUT_RETURN_TYPE = YES_ERROR;
				GCC_WARN_UNDECLARED_SELECTOR = YES;
				GCC_WARN_UNINITIALIZED_AUTOS = YES_AGGRESSIVE;
				GCC_WARN_UNUSED_FUNCTION = YES;
				GCC_WARN_UNUSED_VARIABLE = YES;
				IPHONEOS_DEPLOYMENT_TARGET = 15.5;
				MTL_ENABLE_DEBUG_INFO = NO;
				MTL_FAST_MATH = YES;
				SDKROOT = iphoneos;
				SWIFT_COMPILATION_MODE = wholemodule;
				SWIFT_OPTIMIZATION_LEVEL = "-O";
				VALIDATE_PRODUCT = YES;
			};
			name = Release;
		};
		DD68DBCB29462EF1004E3FEB /* Debug */ = {
			isa = XCBuildConfiguration;
			buildSettings = {
				ASSETCATALOG_COMPILER_APPICON_NAME = AppIcon;
				ASSETCATALOG_COMPILER_GLOBAL_ACCENT_COLOR_NAME = AccentColor;
				CODE_SIGN_STYLE = Automatic;
				CURRENT_PROJECT_VERSION = 1;
				GENERATE_INFOPLIST_FILE = YES;
				INFOPLIST_FILE = fitApp/Other/Info.plist;
				INFOPLIST_KEY_UIApplicationSupportsIndirectInputEvents = YES;
				INFOPLIST_KEY_UILaunchStoryboardName = LaunchScreen;
				INFOPLIST_KEY_UISupportedInterfaceOrientations = UIInterfaceOrientationPortrait;
				INFOPLIST_KEY_UISupportedInterfaceOrientations_iPad = "UIInterfaceOrientationPortrait UIInterfaceOrientationPortraitUpsideDown UIInterfaceOrientationLandscapeLeft UIInterfaceOrientationLandscapeRight";
				INFOPLIST_KEY_UISupportedInterfaceOrientations_iPhone = "UIInterfaceOrientationPortrait UIInterfaceOrientationLandscapeLeft UIInterfaceOrientationLandscapeRight";
				LD_RUNPATH_SEARCH_PATHS = (
					"$(inherited)",
					"@executable_path/Frameworks",
				);
				MARKETING_VERSION = 1.0;
				PRODUCT_BUNDLE_IDENTIFIER = VK.fitApp;
				PRODUCT_NAME = "$(TARGET_NAME)";
				SWIFT_EMIT_LOC_STRINGS = YES;
				SWIFT_VERSION = 5.0;
				TARGETED_DEVICE_FAMILY = "1,2";
			};
			name = Debug;
		};
		DD68DBCC29462EF1004E3FEB /* Release */ = {
			isa = XCBuildConfiguration;
			buildSettings = {
				ASSETCATALOG_COMPILER_APPICON_NAME = AppIcon;
				ASSETCATALOG_COMPILER_GLOBAL_ACCENT_COLOR_NAME = AccentColor;
				CODE_SIGN_STYLE = Automatic;
				CURRENT_PROJECT_VERSION = 1;
				GENERATE_INFOPLIST_FILE = YES;
				INFOPLIST_FILE = fitApp/Other/Info.plist;
				INFOPLIST_KEY_UIApplicationSupportsIndirectInputEvents = YES;
				INFOPLIST_KEY_UILaunchStoryboardName = LaunchScreen;
				INFOPLIST_KEY_UISupportedInterfaceOrientations = UIInterfaceOrientationPortrait;
				INFOPLIST_KEY_UISupportedInterfaceOrientations_iPad = "UIInterfaceOrientationPortrait UIInterfaceOrientationPortraitUpsideDown UIInterfaceOrientationLandscapeLeft UIInterfaceOrientationLandscapeRight";
				INFOPLIST_KEY_UISupportedInterfaceOrientations_iPhone = "UIInterfaceOrientationPortrait UIInterfaceOrientationLandscapeLeft UIInterfaceOrientationLandscapeRight";
				LD_RUNPATH_SEARCH_PATHS = (
					"$(inherited)",
					"@executable_path/Frameworks",
				);
				MARKETING_VERSION = 1.0;
				PRODUCT_BUNDLE_IDENTIFIER = VK.fitApp;
				PRODUCT_NAME = "$(TARGET_NAME)";
				SWIFT_EMIT_LOC_STRINGS = YES;
				SWIFT_VERSION = 5.0;
				TARGETED_DEVICE_FAMILY = "1,2";
			};
			name = Release;
		};
/* End XCBuildConfiguration section */

/* Begin XCConfigurationList section */
		DD68DBB129462EDF004E3FEB /* Build configuration list for PBXProject "fitApp" */ = {
			isa = XCConfigurationList;
			buildConfigurations = (
				DD68DBC829462EF1004E3FEB /* Debug */,
				DD68DBC929462EF1004E3FEB /* Release */,
			);
			defaultConfigurationIsVisible = 0;
			defaultConfigurationName = Release;
		};
		DD68DBCA29462EF1004E3FEB /* Build configuration list for PBXNativeTarget "fitApp" */ = {
			isa = XCConfigurationList;
			buildConfigurations = (
				DD68DBCB29462EF1004E3FEB /* Debug */,
				DD68DBCC29462EF1004E3FEB /* Release */,
			);
			defaultConfigurationIsVisible = 0;
			defaultConfigurationName = Release;
		};
/* End XCConfigurationList section */
	};
	rootObject = DD68DBAE29462EDF004E3FEB /* Project object */;
}
